
Microsoft Visual Studio Solution File, Format Version 12.00
# Visual Studio Version 17
VisualStudioVersion = 17.11.35327.3
MinimumVisualStudioVersion = 10.0.40219.1
Project("{FAE04EC0-301F-11D3-BF4B-00C04F79EFBC}") = "DVLD project", "DVLD project.csproj", "{20753651-C0FE-4A99-BB98-83C39FB1E560}"
EndProject
Project("{FAE04EC0-301F-11D3-BF4B-00C04F79EFBC}") = "CurrentUserInformation", "..\CurrentUser\CurrentUserInformation\CurrentUserInformation.csproj", "{955DE7B1-04D3-44FA-9B9C-C749530AA5E7}"
EndProject
Project("{FAE04EC0-301F-11D3-BF4B-00C04F79EFBC}") = "DVLD_WebApi", "..\DVLDWebApi\DVLD_WebApi\DVLD_WebApi.csproj", "{1DD6C24A-F1EB-40DF-89D2-2266A65F569F}"
EndProject
Project("{FAE04EC0-301F-11D3-BF4B-00C04F79EFBC}") = "DTOs", "..\DTOs\DTOs.csproj", "{1AB3F794-6EE9-4FAB-A485-EF4FF1802DEF}"
EndProject
Global
	GlobalSection(SolutionConfigurationPlatforms) = preSolution
		Debug|Any CPU = Debug|Any CPU
		Release|Any CPU = Release|Any CPU
	EndGlobalSection
	GlobalSection(ProjectConfigurationPlatforms) = postSolution
		{20753651-C0FE-4A99-BB98-83C39FB1E560}.Debug|Any CPU.ActiveCfg = Debug|Any CPU
		{20753651-C0FE-4A99-BB98-83C39FB1E560}.Debug|Any CPU.Build.0 = Debug|Any CPU
		{20753651-C0FE-4A99-BB98-83C39FB1E560}.Release|Any CPU.ActiveCfg = Release|Any CPU
		{20753651-C0FE-4A99-BB98-83C39FB1E560}.Release|Any CPU.Build.0 = Release|Any CPU
		{955DE7B1-04D3-44FA-9B9C-C749530AA5E7}.Debug|Any CPU.ActiveCfg = Debug|Any CPU
		{955DE7B1-04D3-44FA-9B9C-C749530AA5E7}.Debug|Any CPU.Build.0 = Debug|Any CPU
		{955DE7B1-04D3-44FA-9B9C-C749530AA5E7}.Release|Any CPU.ActiveCfg = Release|Any CPU
		{955DE7B1-04D3-44FA-9B9C-C749530AA5E7}.Release|Any CPU.Build.0 = Release|Any CPU
		{1DD6C24A-F1EB-40DF-89D2-2266A65F569F}.Debug|Any CPU.ActiveCfg = Debug|Any CPU
		{1DD6C24A-F1EB-40DF-89D2-2266A65F569F}.Debug|Any CPU.Build.0 = Debug|Any CPU
		{1DD6C24A-F1EB-40DF-89D2-2266A65F569F}.Release|Any CPU.ActiveCfg = Release|Any CPU
		{1DD6C24A-F1EB-40DF-89D2-2266A65F569F}.Release|Any CPU.Build.0 = Release|Any CPU
		{1AB3F794-6EE9-4FAB-A485-EF4FF1802DEF}.Debug|Any CPU.ActiveCfg = Debug|Any CPU
		{1AB3F794-6EE9-4FAB-A485-EF4FF1802DEF}.Debug|Any CPU.Build.0 = Debug|Any CPU
		{1AB3F794-6EE9-4FAB-A485-EF4FF1802DEF}.Release|Any CPU.ActiveCfg = Release|Any CPU
		{1AB3F794-6EE9-4FAB-A485-EF4FF1802DEF}.Release|Any CPU.Build.0 = Release|Any CPU
	EndGlobalSection
	GlobalSection(SolutionProperties) = preSolution
		HideSolutionNode = FALSE
	EndGlobalSection
	GlobalSection(ExtensibilityGlobals) = postSolution
		SolutionGuid = {AACAADFB-9E40-4826-B0D3-4AEDC0381DEB}
	EndGlobalSection
EndGlobal
